{
    "_readme": [
        "This file locks the dependencies of your project to a known state",
        "Read more about it at https://getcomposer.org/doc/01-basic-usage.md#installing-dependencies",
        "This file is @generated automatically"
    ],
    "content-hash": "395623b151dc9d350dfb61f5a62e0380",
    "packages": [
        {
            "name": "cloudstek/php-laff",
            "version": "v1.1.1",
            "source": {
                "type": "git",
                "url": "https://github.com/Cloudstek/php-laff.git",
                "reference": "41f9d0f328d8ac91b18d7b931597f876b1244401"
            },
            "dist": {
                "type": "zip",
                "url": "https://api.github.com/repos/Cloudstek/php-laff/zipball/41f9d0f328d8ac91b18d7b931597f876b1244401",
                "reference": "41f9d0f328d8ac91b18d7b931597f876b1244401",
                "shasum": ""
            },
            "type": "library",
            "autoload": {
                "psr-4": {
                    "Cloudstek\\PhpLaff\\": "src/"
                }
            },
            "notification-url": "https://packagist.org/downloads/",
            "license": [
                "MIT"
            ],
            "authors": [
                {
                    "name": "Maarten de Boer",
                    "email": "maarten@cloudstek.nl",
                    "homepage": "https://cloudstek.nl",
                    "role": "Developer"
                },
                {
                    "name": "Erik de Boer",
                    "role": "Developer"
                }
            ],
            "description": "Largest Area Fit First (LAFF) 3D box packing algorithm class for PHP",
            "homepage": "https://github.com/Cloudstek/php-laff",
            "time": "2019-09-19T14:43:20+00:00"
        },
        {
            "name": "firebase/php-jwt",
            "version": "v5.2.1",
            "source": {
                "type": "git",
                "url": "https://github.com/firebase/php-jwt.git",
                "reference": "f42c9110abe98dd6cfe9053c49bc86acc70b2d23"
            },
            "dist": {
                "type": "zip",
                "url": "https://api.github.com/repos/firebase/php-jwt/zipball/f42c9110abe98dd6cfe9053c49bc86acc70b2d23",
                "reference": "f42c9110abe98dd6cfe9053c49bc86acc70b2d23",
                "shasum": ""
            },
            "require": {
                "php": ">=5.3.0"
            },
            "require-dev": {
                "phpunit/phpunit": ">=4.8 <=9"
            },
            "type": "library",
            "autoload": {
                "psr-4": {
                    "Firebase\\JWT\\": "src"
                }
            },
            "notification-url": "https://packagist.org/downloads/",
            "license": [
                "BSD-3-Clause"
            ],
            "authors": [
                {
                    "name": "Neuman Vong",
                    "email": "neuman+pear@twilio.com",
                    "role": "Developer"
                },
                {
                    "name": "Anant Narayanan",
                    "email": "anant@php.net",
                    "role": "Developer"
                }
            ],
            "description": "A simple library to encode and decode JSON Web Tokens (JWT) in PHP. Should conform to the current spec.",
            "homepage": "https://github.com/firebase/php-jwt",
            "keywords": [
                "jwt",
                "php"
            ],
            "time": "2021-02-12T00:02:00+00:00"
        }
    ],
    "packages-dev": [],
    "aliases": [],
    "minimum-stability": "stable",
    "stability-flags": [],
    "prefer-stable": false,
    "prefer-lowest": false,
    "platform": [],
    "platform-dev": []
}
